
Microsoft Visual Studio Solution File, Format Version 12.00
# Visual Studio Version 17
VisualStudioVersion = 17.10.35122.118
MinimumVisualStudioVersion = 10.0.40219.1
Project("{FAE04EC0-301F-11D3-BF4B-00C04F79EFBC}") = "StarBank", "StarBank.csproj", "{7A3B7EFE-132E-470A-8CF6-BAD37BFDB503}"
EndProject
Global
	GlobalSection(SolutionConfigurationPlatforms) = preSolution
		Debug|Any CPU = Debug|Any CPU
		Release|Any CPU = Release|Any CPU
	EndGlobalSection
	GlobalSection(ProjectConfigurationPlatforms) = postSolution
		{7A3B7EFE-132E-470A-8CF6-BAD37BFDB503}.Debug|Any CPU.ActiveCfg = Debug|Any CPU
		{7A3B7EFE-132E-470A-8CF6-BAD37BFDB503}.Debug|Any CPU.Build.0 = Debug|Any CPU
		{7A3B7EFE-132E-470A-8CF6-BAD37BFDB503}.Release|Any CPU.ActiveCfg = Release|Any CPU
		{7A3B7EFE-132E-470A-8CF6-BAD37BFDB503}.Release|Any CPU.Build.0 = Release|Any CPU
	EndGlobalSection
	GlobalSection(SolutionProperties) = preSolution
		HideSolutionNode = FALSE
	EndGlobalSection
	GlobalSection(ExtensibilityGlobals) = postSolution
		SolutionGuid = {38B74518-12F0-4DB8-A73A-35EDF4A78A03}
	EndGlobalSection
EndGlobal
